
Microsoft Visual Studio Solution File, Format Version 12.00
# Visual Studio Version 16
VisualStudioVersion = 16.0.31624.102
MinimumVisualStudioVersion = 10.0.40219.1
Project("{2150E333-8FDC-42A3-9474-1A3956D46DE8}") = "src", "src", "{503EE013-AEE7-4F65-B2AB-74B7446E0E5E}"
EndProject
Project("{2150E333-8FDC-42A3-9474-1A3956D46DE8}") = "test", "test", "{A775A108-9DCC-49F5-8D7F-E32CBC7498CD}"
EndProject
Project("{2150E333-8FDC-42A3-9474-1A3956D46DE8}") = "API", "API", "{4BC8FA36-41ED-49E2-ADC1-F4BF7B9250E4}"
EndProject
Project("{2150E333-8FDC-42A3-9474-1A3956D46DE8}") = "Core", "Core", "{C57EF5EC-67B0-4519-8021-D6F4FBE93500}"
EndProject
Project("{2150E333-8FDC-42A3-9474-1A3956D46DE8}") = "Infrastructure", "Infrastructure", "{8925B47C-C5CF-49B9-98F7-E25CD4ACE0DE}"
EndProject
Project("{2150E333-8FDC-42A3-9474-1A3956D46DE8}") = "UI", "UI", "{CA3CA471-53B7-40DE-BA9B-3783B0FB3F9C}"
EndProject
Project("{9A19103F-16F7-4668-BE54-9A1E7A4F7556}") = "Domain", "Domain\Domain.csproj", "{8155442F-079A-4A1A-853C-C36AA4432633}"
EndProject
Project("{9A19103F-16F7-4668-BE54-9A1E7A4F7556}") = "Application", "Application\Application.csproj", "{611D5E4C-A0BB-42BB-8313-7FB1D16E2852}"
EndProject
Project("{9A19103F-16F7-4668-BE54-9A1E7A4F7556}") = "Persistence", "Persistence\Persistence.csproj", "{7EF83A76-EE3E-4B33-975E-32699BF7E8B8}"
EndProject
Project("{9A19103F-16F7-4668-BE54-9A1E7A4F7556}") = "Infrastructure", "Infrastructure\Infrastructure.csproj", "{EBBD6307-B351-4812-96FC-060CCD59E98D}"
EndProject
Project("{9A19103F-16F7-4668-BE54-9A1E7A4F7556}") = "Api", "Api\Api.csproj", "{180011BE-CD45-4952-89DA-D1F9A7582424}"
EndProject
Project("{9A19103F-16F7-4668-BE54-9A1E7A4F7556}") = "Authentication", "Authentication\Authentication.csproj", "{815B2AA6-A12D-4E43-8B1B-7F0655F4DD58}"
EndProject
Project("{9A19103F-16F7-4668-BE54-9A1E7A4F7556}") = "Application.xUnit.Tests", "Application.xUnit.Tests\Application.xUnit.Tests.csproj", "{A46AC761-D156-4366-948E-60E5B366B97C}"
EndProject
Project("{FAE04EC0-301F-11D3-BF4B-00C04F79EFBC}") = "Controllers.Tests", "Controllers.Tests\Controllers.Tests.csproj", "{B9158B7A-D1A5-4F11-9995-2D728C5FEB5F}"
EndProject
Project("{FAE04EC0-301F-11D3-BF4B-00C04F79EFBC}") = "Db.Test", "Db.Test\Db.Test.csproj", "{9CA276ED-3548-4ACA-B548-0A3F43E66161}"
EndProject
Global
	GlobalSection(SolutionConfigurationPlatforms) = preSolution
		Debug|Any CPU = Debug|Any CPU
		Release|Any CPU = Release|Any CPU
	EndGlobalSection
	GlobalSection(ProjectConfigurationPlatforms) = postSolution
		{8155442F-079A-4A1A-853C-C36AA4432633}.Debug|Any CPU.ActiveCfg = Debug|Any CPU
		{8155442F-079A-4A1A-853C-C36AA4432633}.Debug|Any CPU.Build.0 = Debug|Any CPU
		{8155442F-079A-4A1A-853C-C36AA4432633}.Release|Any CPU.ActiveCfg = Release|Any CPU
		{8155442F-079A-4A1A-853C-C36AA4432633}.Release|Any CPU.Build.0 = Release|Any CPU
		{611D5E4C-A0BB-42BB-8313-7FB1D16E2852}.Debug|Any CPU.ActiveCfg = Debug|Any CPU
		{611D5E4C-A0BB-42BB-8313-7FB1D16E2852}.Debug|Any CPU.Build.0 = Debug|Any CPU
		{611D5E4C-A0BB-42BB-8313-7FB1D16E2852}.Release|Any CPU.ActiveCfg = Release|Any CPU
		{611D5E4C-A0BB-42BB-8313-7FB1D16E2852}.Release|Any CPU.Build.0 = Release|Any CPU
		{7EF83A76-EE3E-4B33-975E-32699BF7E8B8}.Debug|Any CPU.ActiveCfg = Debug|Any CPU
		{7EF83A76-EE3E-4B33-975E-32699BF7E8B8}.Debug|Any CPU.Build.0 = Debug|Any CPU
		{7EF83A76-EE3E-4B33-975E-32699BF7E8B8}.Release|Any CPU.ActiveCfg = Release|Any CPU
		{7EF83A76-EE3E-4B33-975E-32699BF7E8B8}.Release|Any CPU.Build.0 = Release|Any CPU
		{EBBD6307-B351-4812-96FC-060CCD59E98D}.Debug|Any CPU.ActiveCfg = Debug|Any CPU
		{EBBD6307-B351-4812-96FC-060CCD59E98D}.Debug|Any CPU.Build.0 = Debug|Any CPU
		{EBBD6307-B351-4812-96FC-060CCD59E98D}.Release|Any CPU.ActiveCfg = Release|Any CPU
		{EBBD6307-B351-4812-96FC-060CCD59E98D}.Release|Any CPU.Build.0 = Release|Any CPU
		{180011BE-CD45-4952-89DA-D1F9A7582424}.Debug|Any CPU.ActiveCfg = Debug|Any CPU
		{180011BE-CD45-4952-89DA-D1F9A7582424}.Debug|Any CPU.Build.0 = Debug|Any CPU
		{180011BE-CD45-4952-89DA-D1F9A7582424}.Release|Any CPU.ActiveCfg = Release|Any CPU
		{180011BE-CD45-4952-89DA-D1F9A7582424}.Release|Any CPU.Build.0 = Release|Any CPU
		{815B2AA6-A12D-4E43-8B1B-7F0655F4DD58}.Debug|Any CPU.ActiveCfg = Debug|Any CPU
		{815B2AA6-A12D-4E43-8B1B-7F0655F4DD58}.Debug|Any CPU.Build.0 = Debug|Any CPU
		{815B2AA6-A12D-4E43-8B1B-7F0655F4DD58}.Release|Any CPU.ActiveCfg = Release|Any CPU
		{815B2AA6-A12D-4E43-8B1B-7F0655F4DD58}.Release|Any CPU.Build.0 = Release|Any CPU
		{A46AC761-D156-4366-948E-60E5B366B97C}.Debug|Any CPU.ActiveCfg = Debug|Any CPU
		{A46AC761-D156-4366-948E-60E5B366B97C}.Debug|Any CPU.Build.0 = Debug|Any CPU
		{A46AC761-D156-4366-948E-60E5B366B97C}.Release|Any CPU.ActiveCfg = Release|Any CPU
		{A46AC761-D156-4366-948E-60E5B366B97C}.Release|Any CPU.Build.0 = Release|Any CPU
		{B9158B7A-D1A5-4F11-9995-2D728C5FEB5F}.Debug|Any CPU.ActiveCfg = Debug|Any CPU
		{B9158B7A-D1A5-4F11-9995-2D728C5FEB5F}.Debug|Any CPU.Build.0 = Debug|Any CPU
		{B9158B7A-D1A5-4F11-9995-2D728C5FEB5F}.Release|Any CPU.ActiveCfg = Release|Any CPU
		{B9158B7A-D1A5-4F11-9995-2D728C5FEB5F}.Release|Any CPU.Build.0 = Release|Any CPU
		{9CA276ED-3548-4ACA-B548-0A3F43E66161}.Debug|Any CPU.ActiveCfg = Debug|Any CPU
		{9CA276ED-3548-4ACA-B548-0A3F43E66161}.Debug|Any CPU.Build.0 = Debug|Any CPU
		{9CA276ED-3548-4ACA-B548-0A3F43E66161}.Release|Any CPU.ActiveCfg = Release|Any CPU
		{9CA276ED-3548-4ACA-B548-0A3F43E66161}.Release|Any CPU.Build.0 = Release|Any CPU
	EndGlobalSection
	GlobalSection(SolutionProperties) = preSolution
		HideSolutionNode = FALSE
	EndGlobalSection
	GlobalSection(NestedProjects) = preSolution
		{4BC8FA36-41ED-49E2-ADC1-F4BF7B9250E4} = {503EE013-AEE7-4F65-B2AB-74B7446E0E5E}
		{C57EF5EC-67B0-4519-8021-D6F4FBE93500} = {503EE013-AEE7-4F65-B2AB-74B7446E0E5E}
		{8925B47C-C5CF-49B9-98F7-E25CD4ACE0DE} = {503EE013-AEE7-4F65-B2AB-74B7446E0E5E}
		{CA3CA471-53B7-40DE-BA9B-3783B0FB3F9C} = {503EE013-AEE7-4F65-B2AB-74B7446E0E5E}
		{8155442F-079A-4A1A-853C-C36AA4432633} = {C57EF5EC-67B0-4519-8021-D6F4FBE93500}
		{611D5E4C-A0BB-42BB-8313-7FB1D16E2852} = {C57EF5EC-67B0-4519-8021-D6F4FBE93500}
		{7EF83A76-EE3E-4B33-975E-32699BF7E8B8} = {8925B47C-C5CF-49B9-98F7-E25CD4ACE0DE}
		{EBBD6307-B351-4812-96FC-060CCD59E98D} = {8925B47C-C5CF-49B9-98F7-E25CD4ACE0DE}
		{180011BE-CD45-4952-89DA-D1F9A7582424} = {4BC8FA36-41ED-49E2-ADC1-F4BF7B9250E4}
		{815B2AA6-A12D-4E43-8B1B-7F0655F4DD58} = {8925B47C-C5CF-49B9-98F7-E25CD4ACE0DE}
		{A46AC761-D156-4366-948E-60E5B366B97C} = {A775A108-9DCC-49F5-8D7F-E32CBC7498CD}
		{B9158B7A-D1A5-4F11-9995-2D728C5FEB5F} = {A775A108-9DCC-49F5-8D7F-E32CBC7498CD}
		{9CA276ED-3548-4ACA-B548-0A3F43E66161} = {A775A108-9DCC-49F5-8D7F-E32CBC7498CD}
	EndGlobalSection
	GlobalSection(ExtensibilityGlobals) = postSolution
		SolutionGuid = {41B73F48-7457-4003-AC90-6495CCECE77C}
	EndGlobalSection
EndGlobal
